{
  "name": "es4x-test-reproducer",
  "version": "1.0.0",
  "lockfileVersion": 2,
  "requires": true,
  "packages": {
    "": {
      "name": "es4x-test-reproducer",
      "version": "1.0.0",
      "license": "UNLICENSED",
      "devDependencies": {
        "@es4x/create": "0.16.0",
        "@vertx/unit": "^4.2.0"
      }
    },
    "node_modules/@es4x/create": {
      "version": "0.16.0",
      "resolved": "https://artifactory.opentext.net:443/artifactory/api/npm/npm_virt/@es4x/create/-/create-0.16.0.tgz",
      "integrity": "sha1-BMbwyKwqmH8O3+85wChvk+n0zkw=",
      "dev": true,
      "license": "MIT",
      "bin": {
        "es4x": "bin/es4x-cli.js"
      }
    },
    "node_modules/@vertx/core": {
      "version": "4.2.0",
      "resolved": "https://artifactory.opentext.net:443/artifactory/api/npm/npm_virt/@vertx/core/-/core-4.2.0.tgz",
      "integrity": "sha1-6EKehqUHwv4+HMH59iGvgAMhOI8=",
      "dev": true,
      "license": "Apache-2.0"
    },
    "node_modules/@vertx/unit": {
      "version": "4.2.0",
      "resolved": "https://artifactory.opentext.net:443/artifactory/api/npm/npm_virt/@vertx/unit/-/unit-4.2.0.tgz",
      "integrity": "sha1-GIT7xQ14p8R+rqMF29FwCm34qfA=",
      "dev": true,
      "license": "Apache-2.0",
      "dependencies": {
        "@vertx/core": "4.2.0"
      }
    }
  },
  "dependencies": {
    "@es4x/create": {
      "version": "0.16.0",
      "resolved": "https://artifactory.opentext.net:443/artifactory/api/npm/npm_virt/@es4x/create/-/create-0.16.0.tgz",
      "integrity": "sha1-BMbwyKwqmH8O3+85wChvk+n0zkw=",
      "dev": true
    },
    "@vertx/core": {
      "version": "4.2.0",
      "resolved": "https://artifactory.opentext.net:443/artifactory/api/npm/npm_virt/@vertx/core/-/core-4.2.0.tgz",
      "integrity": "sha1-6EKehqUHwv4+HMH59iGvgAMhOI8=",
      "dev": true
    },
    "@vertx/unit": {
      "version": "4.2.0",
      "resolved": "https://artifactory.opentext.net:443/artifactory/api/npm/npm_virt/@vertx/unit/-/unit-4.2.0.tgz",
      "integrity": "sha1-GIT7xQ14p8R+rqMF29FwCm34qfA=",
      "dev": true,
      "requires": {
        "@vertx/core": "4.2.0"
      }
    }
  }
}
